
Microsoft Visual Studio Solution File, Format Version 12.00
# Visual Studio Version 17
VisualStudioVersion = 17.7.34024.191
MinimumVisualStudioVersion = 10.0.40219.1
Project("{FAE04EC0-301F-11D3-BF4B-00C04F79EFBC}") = "Ishita 20ConsoleApp1", "Ishita 20ConsoleApp1\Ishita 20ConsoleApp1.csproj", "{D218B0C7-85D2-49DD-B7D7-37A98AA46359}"
EndProject
Global
	GlobalSection(SolutionConfigurationPlatforms) = preSolution
		Debug|Any CPU = Debug|Any CPU
		Release|Any CPU = Release|Any CPU
	EndGlobalSection
	GlobalSection(ProjectConfigurationPlatforms) = postSolution
		{D218B0C7-85D2-49DD-B7D7-37A98AA46359}.Debug|Any CPU.ActiveCfg = Debug|Any CPU
		{D218B0C7-85D2-49DD-B7D7-37A98AA46359}.Debug|Any CPU.Build.0 = Debug|Any CPU
		{D218B0C7-85D2-49DD-B7D7-37A98AA46359}.Release|Any CPU.ActiveCfg = Release|Any CPU
		{D218B0C7-85D2-49DD-B7D7-37A98AA46359}.Release|Any CPU.Build.0 = Release|Any CPU
	EndGlobalSection
	GlobalSection(SolutionProperties) = preSolution
		HideSolutionNode = FALSE
	EndGlobalSection
	GlobalSection(ExtensibilityGlobals) = postSolution
		SolutionGuid = {BCC94F54-10B4-4884-8B7F-8337157B8BD6}
	EndGlobalSection
EndGlobal
